{
  "object": {
    "pins": [
      {
        "package": "SPMArgumentParser",
        "repositoryURL": "https://github.com/nikstar/spm-argument-parser.git",
        "state": {
          "branch": null,
          "revision": "e3c4895261730adf46ab012af05a3729871a15a1",
          "version": "0.5.0"
        }
      }
    ]
  },
  "version": 1
}
