{
  "object": {
    "pins": [
      {
        "package": "llbuild",
        "repositoryURL": "https://github.com/apple/swift-llbuild.git",
        "state": {
          "branch": "master",
          "revision": "7fe78e2af79a753cd5133ba792d4167bfeff34c1",
          "version": null
        }
      },
      {
        "package": "SwiftPM",
        "repositoryURL": "https://github.com/apple/swift-package-manager.git",
        "state": {
          "branch": null,
          "revision": "7c83067f93e414ffa225b033d34640d5bc1bad0e",
          "version": null
        }
      }
    ]
  },
  "version": 1
}
